
Microsoft Visual Studio Solution File, Format Version 12.00
# Visual Studio Version 17
VisualStudioVersion = 17.8.34525.116
MinimumVisualStudioVersion = 10.0.40219.1
Project("{FAE04EC0-301F-11D3-BF4B-00C04F79EFBC}") = "ConsoleApp4", "ConsoleApp4.csproj", "{B6A164F6-F409-4C2B-85C8-EA2B0F02FA3C}"
EndProject
Global
	GlobalSection(SolutionConfigurationPlatforms) = preSolution
		Debug|Any CPU = Debug|Any CPU
		Release|Any CPU = Release|Any CPU
	EndGlobalSection
	GlobalSection(ProjectConfigurationPlatforms) = postSolution
		{B6A164F6-F409-4C2B-85C8-EA2B0F02FA3C}.Debug|Any CPU.ActiveCfg = Debug|Any CPU
		{B6A164F6-F409-4C2B-85C8-EA2B0F02FA3C}.Debug|Any CPU.Build.0 = Debug|Any CPU
		{B6A164F6-F409-4C2B-85C8-EA2B0F02FA3C}.Release|Any CPU.ActiveCfg = Release|Any CPU
		{B6A164F6-F409-4C2B-85C8-EA2B0F02FA3C}.Release|Any CPU.Build.0 = Release|Any CPU
	EndGlobalSection
	GlobalSection(SolutionProperties) = preSolution
		HideSolutionNode = FALSE
	EndGlobalSection
	GlobalSection(ExtensibilityGlobals) = postSolution
		SolutionGuid = {E765E38D-6D95-4838-8B4F-75078CBB373C}
	EndGlobalSection
EndGlobal
